{
  "nodes": {
    "nixpkgs": {
      "locked": {
        "lastModified": 1746437393,
        "narHash": "sha256-87o5nb9O9wzdeob/9UbuVVaLH+aZJw4rpD0fGZqetuY=",
        "owner": "loongson-community",
        "repo": "nixpkgs",
        "rev": "2ea76607fb5692bc25163e820f4405bd71912ecf",
        "type": "github"
      },
      "original": {
        "owner": "loongson-community",
        "ref": "loong-master",
        "repo": "nixpkgs",
        "type": "github"
      }
    },
    "root": {
      "inputs": {
        "nixpkgs": "nixpkgs"
      }
    }
  },
  "root": "root",
  "version": 7
}
